{
  "name": "GodotHOS",
  "lockfileVersion": 3,
  "requires": true,
  "packages": {
    "": {
      "devDependencies": {
        "@ohos/hvigor": "file:../../Program Files/Huawei/DevEco Studio/tools/hvigor/hvigor",
        "@ohos/hvigor-ohos-plugin": "file:../../Program Files/Huawei/DevEco Studio/tools/hvigor/hvigor-ohos-plugin"
      }
    },
    "../../Program Files/Huawei/DevEco Studio/tools/hvigor/hvigor": {
      "name": "@ohos/hvigor",
      "version": "6.22.3",
      "bundleDependencies": [
        "@ohos/hvigor-common",
        "@ohos/hvigor-logger",
        "typescript",
        "log4js",
        "fs-extra",
        "commander",
        "socket.io",
        "socket.io-client",
        "semver",
        "@baize/wdk",
        "chokidar",
        "ws"
      ],
      "dev": true,
      "license": "SEE LICENSE IN LICENSE.txt",
      "dependencies": {
        "@baize/wdk": "0.7.2",
        "@ohos/hvigor-common": "6.22.3",
        "@ohos/hvigor-logger": "6.22.3",
        "chokidar": "4.0.3",
        "commander": "13.1.0",
        "fs-extra": "11.3.0",
        "log4js": "6.9.1",
        "semver": "7.5.4",
        "socket.io": "4.8.1",
        "socket.io-client": "4.8.1",
        "typescript": "4.9.5",
        "ws": "8.14.1"
      },
      "devDependencies": {
        "@types/node": "^16.11.11",
        "@types/ws": "8.2.3"
      },
      "peerDependencies": {
        "@ohos/hvigor-common": "6.22.3",
        "@ohos/hvigor-logger": "6.22.3"
      }
    },
    "../../Program Files/Huawei/DevEco Studio/tools/hvigor/hvigor-ohos-plugin": {
      "name": "@ohos/hvigor-ohos-plugin",
      "version": "6.22.3",
      "bundleDependencies": [
        "@ohos/hos-sdkmanager-common",
        "@ohos/sdkmanager-common",
        "@ohos/hvigor-arkts-compose",
        "@ohos/hvigor-common",
        "@ohos/hvigor-logger",
        "ajv",
        "fast-xml-parser",
        "fs-extra",
        "minimatch",
        "tar",
        "semver",
        "@baize/wdk",
        "ws",
        "ini",
        "postcss",
        "compressing"
      ],
      "dev": true,
      "license": "SEE LICENSE IN LICENSE.txt",
      "dependencies": {
        "@baize/wdk": "0.7.2",
        "@ohos/hos-sdkmanager-common": "2.22.2",
        "@ohos/hvigor-arkts-compose": "6.22.3",
        "@ohos/hvigor-common": "6.22.3",
        "@ohos/hvigor-logger": "6.22.3",
        "@ohos/sdkmanager-common": "2.22.2",
        "ajv": "8.17.1",
        "compressing": "1.10.1",
        "fast-xml-parser": "5.0.8",
        "fs-extra": "11.3.0",
        "ini": "5.0.0",
        "minimatch": "9.0.5",
        "postcss": "8.5.3",
        "semver": "7.5.4",
        "tar": "7.4.3",
        "ws": "8.14.1"
      },
      "devDependencies": {
        "@ohos/cangjie-build-support": "5.1.2",
        "@ohos/hvigor": "6.22.3",
        "@types/fs-extra": "^9.0.13",
        "@types/ini": "^1.3.33",
        "@types/node": "^16.11.11",
        "@types/ws": "8.2.3"
      },
      "engines": {
        "node": ">14.14.0"
      },
      "peerDependencies": {
        "@ohos/hvigor": "6.22.3"
      }
    },
    "node_modules/@ohos/hvigor": {
      "resolved": "../../Program Files/Huawei/DevEco Studio/tools/hvigor/hvigor",
      "link": true
    },
    "node_modules/@ohos/hvigor-ohos-plugin": {
      "resolved": "../../Program Files/Huawei/DevEco Studio/tools/hvigor/hvigor-ohos-plugin",
      "link": true
    }
  }
}
